
Microsoft Visual Studio Solution File, Format Version 12.00
# Visual Studio 14
VisualStudioVersion = 14.0.25420.1
MinimumVisualStudioVersion = 10.0.40219.1
Project("{FAE04EC0-301F-11D3-BF4B-00C04F79EFBC}") = "Events.Web", "Events.Web\Events.Web.csproj", "{EDA11BE8-A5F8-4D4D-9864-5E62DA510F7A}"
EndProject
Project("{FAE04EC0-301F-11D3-BF4B-00C04F79EFBC}") = "Events.Data", "Events.Data\Events.Data.csproj", "{46789B96-DBC0-42BA-A856-83C92C0BF63E}"
EndProject
Global
	GlobalSection(SolutionConfigurationPlatforms) = preSolution
		Debug|Any CPU = Debug|Any CPU
		Release|Any CPU = Release|Any CPU
	EndGlobalSection
	GlobalSection(ProjectConfigurationPlatforms) = postSolution
		{EDA11BE8-A5F8-4D4D-9864-5E62DA510F7A}.Debug|Any CPU.ActiveCfg = Debug|Any CPU
		{EDA11BE8-A5F8-4D4D-9864-5E62DA510F7A}.Debug|Any CPU.Build.0 = Debug|Any CPU
		{EDA11BE8-A5F8-4D4D-9864-5E62DA510F7A}.Release|Any CPU.ActiveCfg = Release|Any CPU
		{EDA11BE8-A5F8-4D4D-9864-5E62DA510F7A}.Release|Any CPU.Build.0 = Release|Any CPU
		{46789B96-DBC0-42BA-A856-83C92C0BF63E}.Debug|Any CPU.ActiveCfg = Debug|Any CPU
		{46789B96-DBC0-42BA-A856-83C92C0BF63E}.Debug|Any CPU.Build.0 = Debug|Any CPU
		{46789B96-DBC0-42BA-A856-83C92C0BF63E}.Release|Any CPU.ActiveCfg = Release|Any CPU
		{46789B96-DBC0-42BA-A856-83C92C0BF63E}.Release|Any CPU.Build.0 = Release|Any CPU
	EndGlobalSection
	GlobalSection(SolutionProperties) = preSolution
		HideSolutionNode = FALSE
	EndGlobalSection
EndGlobal
